
Microsoft Visual Studio Solution File, Format Version 12.00
# Visual Studio Version 17
VisualStudioVersion = 17.6.33815.320
MinimumVisualStudioVersion = 10.0.40219.1
Project("{FAE04EC0-301F-11D3-BF4B-00C04F79EFBC}") = "BridalGowns", "BridalGowns\BridalGowns.csproj", "{7499E598-C040-4F5C-8789-D795941C8526}"
EndProject
Project("{FAE04EC0-301F-11D3-BF4B-00C04F79EFBC}") = "BL", "BL\BL.csproj", "{01CE7C33-49A9-4D1F-BD66-70A4DB69806C}"
EndProject
Project("{FAE04EC0-301F-11D3-BF4B-00C04F79EFBC}") = "DAL", "DAL\DAL.csproj", "{1C6D7FE5-A3BF-4EB0-91AE-AF73218EBC2D}"
EndProject
Global
	GlobalSection(SolutionConfigurationPlatforms) = preSolution
		Debug|Any CPU = Debug|Any CPU
		Release|Any CPU = Release|Any CPU
	EndGlobalSection
	GlobalSection(ProjectConfigurationPlatforms) = postSolution
		{7499E598-C040-4F5C-8789-D795941C8526}.Debug|Any CPU.ActiveCfg = Debug|Any CPU
		{7499E598-C040-4F5C-8789-D795941C8526}.Debug|Any CPU.Build.0 = Debug|Any CPU
		{7499E598-C040-4F5C-8789-D795941C8526}.Release|Any CPU.ActiveCfg = Release|Any CPU
		{7499E598-C040-4F5C-8789-D795941C8526}.Release|Any CPU.Build.0 = Release|Any CPU
		{01CE7C33-49A9-4D1F-BD66-70A4DB69806C}.Debug|Any CPU.ActiveCfg = Debug|Any CPU
		{01CE7C33-49A9-4D1F-BD66-70A4DB69806C}.Debug|Any CPU.Build.0 = Debug|Any CPU
		{01CE7C33-49A9-4D1F-BD66-70A4DB69806C}.Release|Any CPU.ActiveCfg = Release|Any CPU
		{01CE7C33-49A9-4D1F-BD66-70A4DB69806C}.Release|Any CPU.Build.0 = Release|Any CPU
		{1C6D7FE5-A3BF-4EB0-91AE-AF73218EBC2D}.Debug|Any CPU.ActiveCfg = Debug|Any CPU
		{1C6D7FE5-A3BF-4EB0-91AE-AF73218EBC2D}.Debug|Any CPU.Build.0 = Debug|Any CPU
		{1C6D7FE5-A3BF-4EB0-91AE-AF73218EBC2D}.Release|Any CPU.ActiveCfg = Release|Any CPU
		{1C6D7FE5-A3BF-4EB0-91AE-AF73218EBC2D}.Release|Any CPU.Build.0 = Release|Any CPU
	EndGlobalSection
	GlobalSection(SolutionProperties) = preSolution
		HideSolutionNode = FALSE
	EndGlobalSection
	GlobalSection(ExtensibilityGlobals) = postSolution
		SolutionGuid = {8C19804A-2150-4825-91DE-6F34EC9DAE10}
	EndGlobalSection
EndGlobal
